{
    "name": "compiler",
    "version": "1.0.0",
    "lockfileVersion": 2,
    "requires": true,
    "packages": {
        "": {
            "name": "compiler",
            "version": "1.0.0",
            "license": "ISC",
            "dependencies": {
                "json-to-pretty-yaml": "^1.2.2",
                "moo": "^0.5.1",
                "nearley": "^2.20.1",
                "yaml": "2.0.0-9"
            }
        },
        "node_modules/commander": {
            "version": "2.20.3",
            "resolved": "https://registry.npmjs.org/commander/-/commander-2.20.3.tgz",
            "integrity": "sha512-GpVkmM8vF2vQUkj2LvZmD35JxeJOLCwJ9cUkugyk2nuhbv3+mJvpLYYt+0+USMxE+oj+ey/lJEnhZw75x/OMcQ=="
        },
        "node_modules/discontinuous-range": {
            "version": "1.0.0",
            "resolved": "https://registry.npmjs.org/discontinuous-range/-/discontinuous-range-1.0.0.tgz",
            "integrity": "sha1-44Mx8IRLukm5qctxx3FYWqsbxlo="
        },
        "node_modules/json-to-pretty-yaml": {
            "version": "1.2.2",
            "resolved": "https://registry.npmjs.org/json-to-pretty-yaml/-/json-to-pretty-yaml-1.2.2.tgz",
            "integrity": "sha1-9M0L0KXo/h3yWq9boRiwmf2ZLVs=",
            "dependencies": {
                "remedial": "^1.0.7",
                "remove-trailing-spaces": "^1.0.6"
            },
            "engines": {
                "node": ">= 0.2.0"
            }
        },
        "node_modules/moo": {
            "version": "0.5.1",
            "resolved": "https://registry.npmjs.org/moo/-/moo-0.5.1.tgz",
            "integrity": "sha512-I1mnb5xn4fO80BH9BLcF0yLypy2UKl+Cb01Fu0hJRkJjlCRtxZMWkTdAtDd5ZqCOxtCkhmRwyI57vWT+1iZ67w=="
        },
        "node_modules/nearley": {
            "version": "2.20.1",
            "resolved": "https://registry.npmjs.org/nearley/-/nearley-2.20.1.tgz",
            "integrity": "sha512-+Mc8UaAebFzgV+KpI5n7DasuuQCHA89dmwm7JXw3TV43ukfNQ9DnBH3Mdb2g/I4Fdxc26pwimBWvjIw0UAILSQ==",
            "dependencies": {
                "commander": "^2.19.0",
                "moo": "^0.5.0",
                "railroad-diagrams": "^1.0.0",
                "randexp": "0.4.6"
            },
            "bin": {
                "nearley-railroad": "bin/nearley-railroad.js",
                "nearley-test": "bin/nearley-test.js",
                "nearley-unparse": "bin/nearley-unparse.js",
                "nearleyc": "bin/nearleyc.js"
            },
            "funding": {
                "type": "individual",
                "url": "https://nearley.js.org/#give-to-nearley"
            }
        },
        "node_modules/railroad-diagrams": {
            "version": "1.0.0",
            "resolved": "https://registry.npmjs.org/railroad-diagrams/-/railroad-diagrams-1.0.0.tgz",
            "integrity": "sha1-635iZ1SN3t+4mcG5Dlc3RVnN234="
        },
        "node_modules/randexp": {
            "version": "0.4.6",
            "resolved": "https://registry.npmjs.org/randexp/-/randexp-0.4.6.tgz",
            "integrity": "sha512-80WNmd9DA0tmZrw9qQa62GPPWfuXJknrmVmLcxvq4uZBdYqb1wYoKTmnlGUchvVWe0XiLupYkBoXVOxz3C8DYQ==",
            "dependencies": {
                "discontinuous-range": "1.0.0",
                "ret": "~0.1.10"
            },
            "engines": {
                "node": ">=0.12"
            }
        },
        "node_modules/remedial": {
            "version": "1.0.8",
            "resolved": "https://registry.npmjs.org/remedial/-/remedial-1.0.8.tgz",
            "integrity": "sha512-/62tYiOe6DzS5BqVsNpH/nkGlX45C/Sp6V+NtiN6JQNS1Viay7cWkazmRkrQrdFj2eshDe96SIQNIoMxqhzBOg==",
            "engines": {
                "node": "*"
            }
        },
        "node_modules/remove-trailing-spaces": {
            "version": "1.0.8",
            "resolved": "https://registry.npmjs.org/remove-trailing-spaces/-/remove-trailing-spaces-1.0.8.tgz",
            "integrity": "sha512-O3vsMYfWighyFbTd8hk8VaSj9UAGENxAtX+//ugIst2RMk5e03h6RoIS+0ylsFxY1gvmPuAY/PO4It+gPEeySA=="
        },
        "node_modules/ret": {
            "version": "0.1.15",
            "resolved": "https://registry.npmjs.org/ret/-/ret-0.1.15.tgz",
            "integrity": "sha512-TTlYpa+OL+vMMNG24xSlQGEJ3B/RzEfUlLct7b5G/ytav+wPrplCpVMFuwzXbkecJrb6IYo1iFb0S9v37754mg==",
            "engines": {
                "node": ">=0.12"
            }
        },
        "node_modules/yaml": {
            "version": "2.0.0-9",
            "resolved": "https://registry.npmjs.org/yaml/-/yaml-2.0.0-9.tgz",
            "integrity": "sha512-Bf2KowHjyVkIIiGMt7+fbhmlvKOaE8DWuD07bnL4+FQ9sPmEl/5IzGpBpoxPqOaHuyasBjJhyXDcISpJWfhCGw==",
            "engines": {
                "node": ">= 12"
            }
        }
    },
    "dependencies": {
        "commander": {
            "version": "2.20.3",
            "resolved": "https://registry.npmjs.org/commander/-/commander-2.20.3.tgz",
            "integrity": "sha512-GpVkmM8vF2vQUkj2LvZmD35JxeJOLCwJ9cUkugyk2nuhbv3+mJvpLYYt+0+USMxE+oj+ey/lJEnhZw75x/OMcQ=="
        },
        "discontinuous-range": {
            "version": "1.0.0",
            "resolved": "https://registry.npmjs.org/discontinuous-range/-/discontinuous-range-1.0.0.tgz",
            "integrity": "sha1-44Mx8IRLukm5qctxx3FYWqsbxlo="
        },
        "json-to-pretty-yaml": {
            "version": "1.2.2",
            "resolved": "https://registry.npmjs.org/json-to-pretty-yaml/-/json-to-pretty-yaml-1.2.2.tgz",
            "integrity": "sha1-9M0L0KXo/h3yWq9boRiwmf2ZLVs=",
            "requires": {
                "remedial": "^1.0.7",
                "remove-trailing-spaces": "^1.0.6"
            }
        },
        "moo": {
            "version": "0.5.1",
            "resolved": "https://registry.npmjs.org/moo/-/moo-0.5.1.tgz",
            "integrity": "sha512-I1mnb5xn4fO80BH9BLcF0yLypy2UKl+Cb01Fu0hJRkJjlCRtxZMWkTdAtDd5ZqCOxtCkhmRwyI57vWT+1iZ67w=="
        },
        "nearley": {
            "version": "2.20.1",
            "resolved": "https://registry.npmjs.org/nearley/-/nearley-2.20.1.tgz",
            "integrity": "sha512-+Mc8UaAebFzgV+KpI5n7DasuuQCHA89dmwm7JXw3TV43ukfNQ9DnBH3Mdb2g/I4Fdxc26pwimBWvjIw0UAILSQ==",
            "requires": {
                "commander": "^2.19.0",
                "moo": "^0.5.0",
                "railroad-diagrams": "^1.0.0",
                "randexp": "0.4.6"
            }
        },
        "railroad-diagrams": {
            "version": "1.0.0",
            "resolved": "https://registry.npmjs.org/railroad-diagrams/-/railroad-diagrams-1.0.0.tgz",
            "integrity": "sha1-635iZ1SN3t+4mcG5Dlc3RVnN234="
        },
        "randexp": {
            "version": "0.4.6",
            "resolved": "https://registry.npmjs.org/randexp/-/randexp-0.4.6.tgz",
            "integrity": "sha512-80WNmd9DA0tmZrw9qQa62GPPWfuXJknrmVmLcxvq4uZBdYqb1wYoKTmnlGUchvVWe0XiLupYkBoXVOxz3C8DYQ==",
            "requires": {
                "discontinuous-range": "1.0.0",
                "ret": "~0.1.10"
            }
        },
        "remedial": {
            "version": "1.0.8",
            "resolved": "https://registry.npmjs.org/remedial/-/remedial-1.0.8.tgz",
            "integrity": "sha512-/62tYiOe6DzS5BqVsNpH/nkGlX45C/Sp6V+NtiN6JQNS1Viay7cWkazmRkrQrdFj2eshDe96SIQNIoMxqhzBOg=="
        },
        "remove-trailing-spaces": {
            "version": "1.0.8",
            "resolved": "https://registry.npmjs.org/remove-trailing-spaces/-/remove-trailing-spaces-1.0.8.tgz",
            "integrity": "sha512-O3vsMYfWighyFbTd8hk8VaSj9UAGENxAtX+//ugIst2RMk5e03h6RoIS+0ylsFxY1gvmPuAY/PO4It+gPEeySA=="
        },
        "ret": {
            "version": "0.1.15",
            "resolved": "https://registry.npmjs.org/ret/-/ret-0.1.15.tgz",
            "integrity": "sha512-TTlYpa+OL+vMMNG24xSlQGEJ3B/RzEfUlLct7b5G/ytav+wPrplCpVMFuwzXbkecJrb6IYo1iFb0S9v37754mg=="
        },
        "yaml": {
            "version": "2.0.0-9",
            "resolved": "https://registry.npmjs.org/yaml/-/yaml-2.0.0-9.tgz",
            "integrity": "sha512-Bf2KowHjyVkIIiGMt7+fbhmlvKOaE8DWuD07bnL4+FQ9sPmEl/5IzGpBpoxPqOaHuyasBjJhyXDcISpJWfhCGw=="
        }
    }
}
